github.com/OpenPrinting/goipp v1.1.1-0.20240622134450-b36209c9a439 h1:fNuZcRnl4Jxdt/6DYUBZxkrNLLBfHMt6R2BV1rdBHGU=
github.com/OpenPrinting/goipp v1.1.1-0.20240622134450-b36209c9a439/go.mod h1:ot2iw+QF7fVLaX+55JUNlF5YSDNiXVo2LRAv21iGcQI=
github.com/alexpevzner/go-avahi v0.0.0-20241019204329-973270023c85 h1:kMbMsRsfWi/jNH1fb7IKtPFzIvIftQwUc2/byCUhWxQ=
github.com/alexpevzner/go-avahi v0.0.0-20241019204329-973270023c85/go.mod h1:qxO35yIgVTkoq8ym9Y1L7M18VNZj3JE2PTngohQv5H0=
github.com/mattn/go-runewidth v0.0.3 h1:a+kO+98RDGEfo6asOGMmpodZq4FNtnGP54yps8BzLR4=
github.com/mattn/go-runewidth v0.0.3/go.mod h1:LwmH8dsx7+W8Uxz3IHJYH5QSwggIsqBzpuz5H//U1FU=
github.com/peterh/liner v1.2.2 h1:aJ4AOodmL+JxOZZEL2u9iJf8omNRpqHc/EbrK+3mAXw=
github.com/peterh/liner v1.2.2/go.mod h1:xFwJyiKIXJZUKItq5dGHZSTBRAuG/CpeNpWLyiNRNwI=
golang.org/x/sys v0.0.0-20211117180635-dee7805ff2e1/go.mod h1:oPkhp1MJrh7nUepCBck5+mAzfO9JrbApNNgaTdGDITg=
golang.org/x/sys v0.21.0 h1:rF+pYz3DAGSQAxAu1CbC7catZg4ebC4UIeIhKxBZvws=
golang.org/x/sys v0.21.0/go.mod h1:/VUhepiaJMQUp4+oa/7Zr1D23ma6VTLIYjOOTFZPUcA=
golang.org/x/term v0.21.0 h1:WVXCp+/EBEHOj53Rvu+7KiT/iElMrO8ACK16SMZ3jaA=
golang.org/x/term v0.21.0/go.mod h1:ooXLefLobQVslOqselCNF4SxFAaoS6KujMbsGzSDmX0=
